
Microsoft Visual Studio Solution File, Format Version 10.00
# Visual Studio 2008
Project("{FAE04EC0-301F-11D3-BF4B-00C04F79EFBC}") = "abbsolutions.NetSockets", "abbsolutions.NetSockets\abbsolutions.NetSockets\abbsolutions.NetSockets.csproj", "{BD34BEBB-9EE0-4D18-B504-C2F522925642}"
EndProject
Project("{FAE04EC0-301F-11D3-BF4B-00C04F79EFBC}") = "abbsolutions.NetBox", "abbsolutions.NetSockets\abbsolutions.NetBox\abbsolutions.NetBox.csproj", "{C3768BCF-BFD6-4050-932E-A532D9FB135B}"
EndProject
Global
	GlobalSection(SubversionScc) = preSolution
		Svn-Managed = True
		Manager = AnkhSVN - Subversion Support for Visual Studio
	EndGlobalSection
	GlobalSection(SolutionConfigurationPlatforms) = preSolution
		Debug|Any CPU = Debug|Any CPU
		Release|Any CPU = Release|Any CPU
	EndGlobalSection
	GlobalSection(ProjectConfigurationPlatforms) = postSolution
		{BD34BEBB-9EE0-4D18-B504-C2F522925642}.Debug|Any CPU.ActiveCfg = Debug|Any CPU
		{BD34BEBB-9EE0-4D18-B504-C2F522925642}.Debug|Any CPU.Build.0 = Debug|Any CPU
		{BD34BEBB-9EE0-4D18-B504-C2F522925642}.Release|Any CPU.ActiveCfg = Release|Any CPU
		{BD34BEBB-9EE0-4D18-B504-C2F522925642}.Release|Any CPU.Build.0 = Release|Any CPU
		{C3768BCF-BFD6-4050-932E-A532D9FB135B}.Debug|Any CPU.ActiveCfg = Debug|Any CPU
		{C3768BCF-BFD6-4050-932E-A532D9FB135B}.Debug|Any CPU.Build.0 = Debug|Any CPU
		{C3768BCF-BFD6-4050-932E-A532D9FB135B}.Release|Any CPU.ActiveCfg = Release|Any CPU
		{C3768BCF-BFD6-4050-932E-A532D9FB135B}.Release|Any CPU.Build.0 = Release|Any CPU
	EndGlobalSection
	GlobalSection(SolutionProperties) = preSolution
		HideSolutionNode = FALSE
	EndGlobalSection
EndGlobal
